# THIS IS AN AUTOGENERATED FILE. DO NOT EDIT THIS FILE DIRECTLY.
# yarn lockfile v1


"@a11y/focus-trap@1.0.5":
  version "1.0.5"
  resolved "https://registry.yarnpkg.com/@a11y/focus-trap/-/focus-trap-1.0.5.tgz#0748189c37ca21255c702aa5de3ee00ed4821d22"
  integrity sha512-3JOd6g+BALysWS8LNf0qdB8ltR651H/RCLAvUmfS0LIHwHO579XfjZUIZbURYiAZrcbp1CBAq4QZ2YwKNQZ1hw==

"@arcgis/core@^4.25.5":
  version "4.25.5"
  resolved "https://registry.yarnpkg.com/@arcgis/core/-/core-4.25.5.tgz#8737b739c542ad060f55949b2b0ffc746a1b70fb"
  integrity sha512-c4KgUeXLn11wHoorR4/6UmYxg/sYEJolbWqpio82yCLE0gPBGdXAOSZEgnQ6IuGdjiEU3AJyZg3r16aN80itKQ==
  dependencies:
    "@esri/arcgis-html-sanitizer" "~3.0.1"
    "@esri/calcite-colors" "~6.0.1"
    "@esri/calcite-components" "1.0.0-beta.97"
    "@popperjs/core" "~2.11.6"
    focus-trap "~7.0.0"
    luxon "~3.0.4"
    sortablejs "~1.15.0"

"@esri/arcgis-html-sanitizer@~3.0.1":
  version "3.0.1"
  resolved "https://registry.yarnpkg.com/@esri/arcgis-html-sanitizer/-/arcgis-html-sanitizer-3.0.1.tgz#a4feaf3744bdd532012593fdb929b376a22c39cd"
  integrity sha512-cwZJwsYCJZwtBQU2AmaiIVFg5nZcVwInPYja1/OgC9iKYO+ytZRoc5h+0S9/ygbFNoS8Nd0RX9A85stLX/BgiA==
  dependencies:
    xss "1.0.13"

"@esri/calcite-colors@~6.0.1":
  version "6.0.1"
  resolved "https://registry.yarnpkg.com/@esri/calcite-colors/-/calcite-colors-6.0.1.tgz#770ec4d77bbbd4da32a66450eb93f4c780c0ff28"
  integrity sha512-iGUIIpeMCJSTDGw4ZsxLwwxkml0QzOUJTtysjRryGbhSt183NEtwWKS+yQO19utXQz5LbQWjoav6x6CsawElkw==

"@esri/calcite-components@1.0.0-beta.97":
  version "1.0.0-beta.97"
  resolved "https://registry.yarnpkg.com/@esri/calcite-components/-/calcite-components-1.0.0-beta.97.tgz#ed86ec153cf26d4cc43425b59f52c3fa2bb3a42a"
  integrity sha512-pvuOQI01DCIr6kS+Jof/b5kLWRaDlYZStP8QUB5r4FYofHHST25iKlOS6525WD4S9xejthfb8S1PehTeMn5Wxg==
  dependencies:
    "@a11y/focus-trap" "1.0.5"
    "@floating-ui/dom" "1.0.3"
    "@stencil/core" "2.18.1"
    "@types/color" "3.0.3"
    color "4.2.3"
    form-request-submit-polyfill "2.0.0"
    lodash-es "4.17.21"
    sortablejs "1.15.0"

"@floating-ui/core@^1.0.1":
  version "1.1.0"
  resolved "https://registry.yarnpkg.com/@floating-ui/core/-/core-1.1.0.tgz#0a1dee4bbce87ff71602625d33f711cafd8afc08"
  integrity sha512-zbsLwtnHo84w1Kc8rScAo5GMk1GdecSlrflIbfnEBJwvTSj1SL6kkOYV+nHraMCPEy+RNZZUaZyL8JosDGCtGQ==

"@floating-ui/dom@1.0.3":
  version "1.0.3"
  resolved "https://registry.yarnpkg.com/@floating-ui/dom/-/dom-1.0.3.tgz#b439c8a66436c2cae8d97e889f0b76cce757a6ec"
  integrity sha512-6H1kwjkOZKabApNtXRiYHvMmYJToJ1DV7rQ3xc/WJpOABhQIOJJOdz2AOejj8X+gcybaFmBpisVTZxBZAM3V0w==
  dependencies:
    "@floating-ui/core" "^1.0.1"

"@popperjs/core@~2.11.6":
  version "2.11.6"
  resolved "https://registry.yarnpkg.com/@popperjs/core/-/core-2.11.6.tgz#cee20bd55e68a1720bdab363ecf0c821ded4cd45"
  integrity sha512-50/17A98tWUfQ176raKiOGXuYpLyyVMkxxG6oylzL3BPOlA6ADGdK7EYunSa4I064xerltq9TGXs8HmOk5E+vw==

"@stencil/core@2.18.1":
  version "2.18.1"
  resolved "https://registry.yarnpkg.com/@stencil/core/-/core-2.18.1.tgz#f45e99b7abe2a0fa90d3141363601a68df5c08a7"
  integrity sha512-/fXkh1lwZ+X9JQCw50mPjhBogzEHOBvVC5pLoDLZqodVYK0DGWILM2YLV4dcIUBNEK8/HMDpO/Rq81/rS3mNOw==

"@types/color-convert@*":
  version "2.0.0"
  resolved "https://registry.yarnpkg.com/@types/color-convert/-/color-convert-2.0.0.tgz#8f5ee6b9e863dcbee5703f5a517ffb13d3ea4e22"
  integrity sha512-m7GG7IKKGuJUXvkZ1qqG3ChccdIM/qBBo913z+Xft0nKCX4hAU/IxKwZBU4cpRZ7GS5kV4vOblUkILtSShCPXQ==
  dependencies:
    "@types/color-name" "*"

"@types/color-name@*":
  version "1.1.1"
  resolved "https://registry.yarnpkg.com/@types/color-name/-/color-name-1.1.1.tgz#1c1261bbeaa10a8055bbc5d8ab84b7b2afc846a0"
  integrity sha512-rr+OQyAjxze7GgWrSaJwydHStIhHq2lvY3BOC2Mj7KnzI7XK0Uw1TOOdI9lDoajEbSWLiYgoo4f1R51erQfhPQ==

"@types/color@3.0.3":
  version "3.0.3"
  resolved "https://registry.yarnpkg.com/@types/color/-/color-3.0.3.tgz#e6d8d72b7aaef4bb9fe80847c26c7c786191016d"
  integrity sha512-X//qzJ3d3Zj82J9sC/C18ZY5f43utPbAJ6PhYt/M7uG6etcF6MRpKdN880KBy43B0BMzSfeT96MzrsNjFI3GbA==
  dependencies:
    "@types/color-convert" "*"

color-convert@^2.0.1:
  version "2.0.1"
  resolved "https://registry.yarnpkg.com/color-convert/-/color-convert-2.0.1.tgz#72d3a68d598c9bdb3af2ad1e84f21d896abd4de3"
  integrity sha512-RRECPsj7iu/xb5oKYcsFHSppFNnsj/52OVTRKb4zP5onXwVF3zVmmToNcOfGC+CRDpfK/U584fMg38ZHCaElKQ==
  dependencies:
    color-name "~1.1.4"

color-name@^1.0.0, color-name@~1.1.4:
  version "1.1.4"
  resolved "https://registry.yarnpkg.com/color-name/-/color-name-1.1.4.tgz#c2a09a87acbde69543de6f63fa3995c826c536a2"
  integrity sha512-dOy+3AuW3a2wNbZHIuMZpTcgjGuLU/uBL/ubcZF9OXbDo8ff4O8yVp5Bf0efS8uEoYo5q4Fx7dY9OgQGXgAsQA==

color-string@^1.9.0:
  version "1.9.1"
  resolved "https://registry.yarnpkg.com/color-string/-/color-string-1.9.1.tgz#4467f9146f036f855b764dfb5bf8582bf342c7a4"
  integrity sha512-shrVawQFojnZv6xM40anx4CkoDP+fZsw/ZerEMsW/pyzsRbElpsL/DBVW7q3ExxwusdNXI3lXpuhEZkzs8p5Eg==
  dependencies:
    color-name "^1.0.0"
    simple-swizzle "^0.2.2"

color@4.2.3:
  version "4.2.3"
  resolved "https://registry.yarnpkg.com/color/-/color-4.2.3.tgz#d781ecb5e57224ee43ea9627560107c0e0c6463a"
  integrity sha512-1rXeuUUiGGrykh+CeBdu5Ie7OJwinCgQY0bc7GCRxy5xVHy+moaqkpL/jqQq0MtQOeYcrqEz4abc5f0KtU7W4A==
  dependencies:
    color-convert "^2.0.1"
    color-string "^1.9.0"

commander@^2.20.3:
  version "2.20.3"
  resolved "https://registry.yarnpkg.com/commander/-/commander-2.20.3.tgz#fd485e84c03eb4881c20722ba48035e8531aeb33"
  integrity sha512-GpVkmM8vF2vQUkj2LvZmD35JxeJOLCwJ9cUkugyk2nuhbv3+mJvpLYYt+0+USMxE+oj+ey/lJEnhZw75x/OMcQ==

cssfilter@0.0.10:
  version "0.0.10"
  resolved "https://registry.yarnpkg.com/cssfilter/-/cssfilter-0.0.10.tgz#c6d2672632a2e5c83e013e6864a42ce8defd20ae"
  integrity sha512-FAaLDaplstoRsDR8XGYH51znUN0UY7nMc6Z9/fvE8EXGwvJE9hu7W2vHwx1+bd6gCYnln9nLbzxFTrcO9YQDZw==

focus-trap@~7.0.0:
  version "7.0.0"
  resolved "https://registry.yarnpkg.com/focus-trap/-/focus-trap-7.0.0.tgz#4e2cd9aab5b673e2cbad945c52bd232f6160c2cb"
  integrity sha512-uT4Bl8TwU+5vVAx/DHil/1eVS54k9unqhK/vGy2KSh7esPmqgC0koAB9J2sJ+vtj8+vmiFyGk2unLkhNLQaxoA==
  dependencies:
    tabbable "^6.0.0"

form-request-submit-polyfill@2.0.0:
  version "2.0.0"
  resolved "https://registry.yarnpkg.com/form-request-submit-polyfill/-/form-request-submit-polyfill-2.0.0.tgz#2557c9c2385989954461e327e81619993b5bce96"
  integrity sha512-p0+M92y2gFnP0AuuL8VJ0GYVzAT0bYp3GsSkmPFhvUopdnfDLP/9xplQTBBc4w8qOjKRzdK7GaFcdL9IhlXdTQ==

is-arrayish@^0.3.1:
  version "0.3.2"
  resolved "https://registry.yarnpkg.com/is-arrayish/-/is-arrayish-0.3.2.tgz#4574a2ae56f7ab206896fb431eaeed066fdf8f03"
  integrity sha512-eVRqCvVlZbuw3GrM63ovNSNAeA1K16kaR/LRY/92w0zxQ5/1YzwblUX652i4Xs9RwAGjW9d9y6X88t8OaAJfWQ==

"js-tokens@^3.0.0 || ^4.0.0":
  version "4.0.0"
  resolved "https://registry.yarnpkg.com/js-tokens/-/js-tokens-4.0.0.tgz#19203fb59991df98e3a287050d4647cdeaf32499"
  integrity sha512-RdJUflcE3cUzKiMqQgsCu06FPu9UdIJO0beYbPhHN4k6apgJtifcoCtT9bcxOpYBtpD2kCM6Sbzg4CausW/PKQ==

lodash-es@4.17.21:
  version "4.17.21"
  resolved "https://registry.yarnpkg.com/lodash-es/-/lodash-es-4.17.21.tgz#43e626c46e6591b7750beb2b50117390c609e3ee"
  integrity sha512-mKnC+QJ9pWVzv+C4/U3rRsHapFfHvQFoFB92e52xeyGMcX6/OlIl78je1u8vePzYZSkkogMPJ2yjxxsb89cxyw==

loose-envify@^1.1.0:
  version "1.4.0"
  resolved "https://registry.yarnpkg.com/loose-envify/-/loose-envify-1.4.0.tgz#71ee51fa7be4caec1a63839f7e682d8132d30caf"
  integrity sha512-lyuxPGr/Wfhrlem2CL/UcnUc1zcqKAImBDzukY7Y5F/yQiNdko6+fRLevlw1HgMySw7f611UIY408EtxRSoK3Q==
  dependencies:
    js-tokens "^3.0.0 || ^4.0.0"

luxon@~3.0.4:
  version "3.0.4"
  resolved "https://registry.yarnpkg.com/luxon/-/luxon-3.0.4.tgz#d179e4e9f05e092241e7044f64aaa54796b03929"
  integrity sha512-aV48rGUwP/Vydn8HT+5cdr26YYQiUZ42NM6ToMoaGKwYfWbfLeRkEu1wXWMHBZT6+KyLfcbbtVcoQFCbbPjKlw==

react-dom@^18.2.0:
  version "18.2.0"
  resolved "https://registry.yarnpkg.com/react-dom/-/react-dom-18.2.0.tgz#22aaf38708db2674ed9ada224ca4aa708d821e3d"
  integrity sha512-6IMTriUmvsjHUjNtEDudZfuDQUoWXVxKHhlEGSk81n4YFS+r/Kl99wXiwlVXtPBtJenozv2P+hxDsw9eA7Xo6g==
  dependencies:
    loose-envify "^1.1.0"
    scheduler "^0.23.0"

react@^18.2.0:
  version "18.2.0"
  resolved "https://registry.yarnpkg.com/react/-/react-18.2.0.tgz#555bd98592883255fa00de14f1151a917b5d77d5"
  integrity sha512-/3IjMdb2L9QbBdWiW5e3P2/npwMBaU9mHCSCUzNln0ZCYbcfTsGbTJrU/kGemdH2IWmB2ioZ+zkxtmq6g09fGQ==
  dependencies:
    loose-envify "^1.1.0"

scheduler@^0.23.0:
  version "0.23.0"
  resolved "https://registry.yarnpkg.com/scheduler/-/scheduler-0.23.0.tgz#ba8041afc3d30eb206a487b6b384002e4e61fdfe"
  integrity sha512-CtuThmgHNg7zIZWAXi3AsyIzA3n4xx7aNyjwC2VJldO2LMVDhFK+63xGqq6CsJH4rTAt6/M+N4GhZiDYPx9eUw==
  dependencies:
    loose-envify "^1.1.0"

simple-swizzle@^0.2.2:
  version "0.2.2"
  resolved "https://registry.yarnpkg.com/simple-swizzle/-/simple-swizzle-0.2.2.tgz#a4da6b635ffcccca33f70d17cb92592de95e557a"
  integrity sha512-JA//kQgZtbuY83m+xT+tXJkmJncGMTFT+C+g2h2R9uxkYIrE2yy9sgmcLhCnw57/WSD+Eh3J97FPEDFnbXnDUg==
  dependencies:
    is-arrayish "^0.3.1"

sortablejs@1.15.0, sortablejs@~1.15.0:
  version "1.15.0"
  resolved "https://registry.yarnpkg.com/sortablejs/-/sortablejs-1.15.0.tgz#53230b8aa3502bb77a29e2005808ffdb4a5f7e2a"
  integrity sha512-bv9qgVMjUMf89wAvM6AxVvS/4MX3sPeN0+agqShejLU5z5GX4C75ow1O2e5k4L6XItUyAK3gH6AxSbXrOM5e8w==

tabbable@^6.0.0:
  version "6.0.1"
  resolved "https://registry.yarnpkg.com/tabbable/-/tabbable-6.0.1.tgz#427a09b13c83ae41eed3e88abb76a4af28bde1a6"
  integrity sha512-SYJSIgeyXW7EuX1ytdneO5e8jip42oHWg9xl/o3oTYhmXusZVgiA+VlPvjIN+kHii9v90AmzTZEBcsEvuAY+TA==

typescript@^4.9.4:
  version "4.9.4"
  resolved "https://registry.yarnpkg.com/typescript/-/typescript-4.9.4.tgz#a2a3d2756c079abda241d75f149df9d561091e78"
  integrity sha512-Uz+dTXYzxXXbsFpM86Wh3dKCxrQqUcVMxwU54orwlJjOpO3ao8L7j5lH+dWfTwgCwIuM9GQ2kvVotzYJMXTBZg==

xss@1.0.13:
  version "1.0.13"
  resolved "https://registry.yarnpkg.com/xss/-/xss-1.0.13.tgz#6e48f616128b39f366dfadc57411e1eb5b341c6c"
  integrity sha512-clu7dxTm1e8Mo5fz3n/oW3UCXBfV89xZ72jM8yzo1vR/pIS0w3sgB3XV2H8Vm6zfGnHL0FzvLJPJEBhd86/z4Q==
  dependencies:
    commander "^2.20.3"
    cssfilter "0.0.10"
